// !$*UTF8*$!
{
	archiveVersion = 1;
	classes = {
	};
	objectVersion = 50;
	objects = {

/* Begin PBXBuildFile section */
		A517F1D426FB17DA00271E16 /* PersonsListSwiftUIAppApp.swift in Sources */ = {isa = PBXBuildFile; fileRef = A517F1D326FB17DA00271E16 /* PersonsListSwiftUIAppApp.swift */; };
		A517F1D626FB17DA00271E16 /* ContentView.swift in Sources */ = {isa = PBXBuildFile; fileRef = A517F1D526FB17DA00271E16 /* ContentView.swift */; };
		A517F1D826FB17DB00271E16 /* Assets.xcassets in Resources */ = {isa = PBXBuildFile; fileRef = A517F1D726FB17DB00271E16 /* Assets.xcassets */; };
		A517F1DB26FB17DB00271E16 /* Preview Assets.xcassets in Resources */ = {isa = PBXBuildFile; fileRef = A517F1DA26FB17DB00271E16 /* Preview Assets.xcassets */; };
		A517F1E426FB181300271E16 /* Person.swift in Sources */ = {isa = PBXBuildFile; fileRef = A517F1E326FB181300271E16 /* Person.swift */; };
		A517F1E726FB184700271E16 /* DataManager.swift in Sources */ = {isa = PBXBuildFile; fileRef = A517F1E626FB184700271E16 /* DataManager.swift */; };
		A517F1EA26FB296D00271E16 /* ContactListView.swift in Sources */ = {isa = PBXBuildFile; fileRef = A517F1E926FB296D00271E16 /* ContactListView.swift */; };
		A517F1ED26FB2A7E00271E16 /* NumbersListView.swift in Sources */ = {isa = PBXBuildFile; fileRef = A517F1EC26FB2A7E00271E16 /* NumbersListView.swift */; };
		A517F1F126FB6DCE00271E16 /* DetailView.swift in Sources */ = {isa = PBXBuildFile; fileRef = A517F1F026FB6DCE00271E16 /* DetailView.swift */; };
		A5A327A526FC5FD700F45DF3 /* ContactInfoView.swift in Sources */ = {isa = PBXBuildFile; fileRef = A5A327A426FC5FD700F45DF3 /* ContactInfoView.swift */; };
		A5A327A826FC817700F45DF3 /* CastomListModifier.swift in Sources */ = {isa = PBXBuildFile; fileRef = A5A327A726FC817700F45DF3 /* CastomListModifier.swift */; };
/* End PBXBuildFile section */

/* Begin PBXFileReference section */
		A517F1D026FB17DA00271E16 /* PersonsListSwiftUIApp.app */ = {isa = PBXFileReference; explicitFileType = wrapper.application; includeInIndex = 0; path = PersonsListSwiftUIApp.app; sourceTree = BUILT_PRODUCTS_DIR; };
		A517F1D326FB17DA00271E16 /* PersonsListSwiftUIAppApp.swift */ = {isa = PBXFileReference; lastKnownFileType = sourcecode.swift; path = PersonsListSwiftUIAppApp.swift; sourceTree = "<group>"; };
		A517F1D526FB17DA00271E16 /* ContentView.swift */ = {isa = PBXFileReference; lastKnownFileType = sourcecode.swift; path = ContentView.swift; sourceTree = "<group>"; };
		A517F1D726FB17DB00271E16 /* Assets.xcassets */ = {isa = PBXFileReference; lastKnownFileType = folder.assetcatalog; path = Assets.xcassets; sourceTree = "<group>"; };
		A517F1DA26FB17DB00271E16 /* Preview Assets.xcassets */ = {isa = PBXFileReference; lastKnownFileType = folder.assetcatalog; path = "Preview Assets.xcassets"; sourceTree = "<group>"; };
		A517F1DC26FB17DB00271E16 /* Info.plist */ = {isa = PBXFileReference; lastKnownFileType = text.plist.xml; path = Info.plist; sourceTree = "<group>"; };
		A517F1E326FB181300271E16 /* Person.swift */ = {isa = PBXFileReference; lastKnownFileType = sourcecode.swift; path = Person.swift; sourceTree = "<group>"; };
		A517F1E626FB184700271E16 /* DataManager.swift */ = {isa = PBXFileReference; lastKnownFileType = sourcecode.swift; path = DataManager.swift; sourceTree = "<group>"; };
		A517F1E926FB296D00271E16 /* ContactListView.swift */ = {isa = PBXFileReference; lastKnownFileType = sourcecode.swift; path = ContactListView.swift; sourceTree = "<group>"; };
		A517F1EC26FB2A7E00271E16 /* NumbersListView.swift */ = {isa = PBXFileReference; lastKnownFileType = sourcecode.swift; path = NumbersListView.swift; sourceTree = "<group>"; };
		A517F1F026FB6DCE00271E16 /* DetailView.swift */ = {isa = PBXFileReference; lastKnownFileType = sourcecode.swift; path = DetailView.swift; sourceTree = "<group>"; };
		A5A327A426FC5FD700F45DF3 /* ContactInfoView.swift */ = {isa = PBXFileReference; lastKnownFileType = sourcecode.swift; path = ContactInfoView.swift; sourceTree = "<group>"; };
		A5A327A726FC817700F45DF3 /* CastomListModifier.swift */ = {isa = PBXFileReference; lastKnownFileType = sourcecode.swift; path = CastomListModifier.swift; sourceTree = "<group>"; };
/* End PBXFileReference section */

/* Begin PBXFrameworksBuildPhase section */
		A517F1CD26FB17DA00271E16 /* Frameworks */ = {
			isa = PBXFrameworksBuildPhase;
			buildActionMask = 2147483647;
			files = (
			);
			runOnlyForDeploymentPostprocessing = 0;
		};
/* End PBXFrameworksBuildPhase section */

/* Begin PBXGroup section */
		A517F1C726FB17DA00271E16 = {
			isa = PBXGroup;
			children = (
				A517F1D226FB17DA00271E16 /* PersonsListSwiftUIApp */,
				A517F1D126FB17DA00271E16 /* Products */,
			);
			sourceTree = "<group>";
		};
		A517F1D126FB17DA00271E16 /* Products */ = {
			isa = PBXGroup;
			children = (
				A517F1D026FB17DA00271E16 /* PersonsListSwiftUIApp.app */,
			);
			name = Products;
			sourceTree = "<group>";
		};
		A517F1D226FB17DA00271E16 /* PersonsListSwiftUIApp */ = {
			isa = PBXGroup;
			children = (
				A517F1D326FB17DA00271E16 /* PersonsListSwiftUIAppApp.swift */,
				A517F1D526FB17DA00271E16 /* ContentView.swift */,
				A517F1E926FB296D00271E16 /* ContactListView.swift */,
				A517F1F026FB6DCE00271E16 /* DetailView.swift */,
				A517F1EC26FB2A7E00271E16 /* NumbersListView.swift */,
				A5A327A426FC5FD700F45DF3 /* ContactInfoView.swift */,
				A5A327A726FC817700F45DF3 /* CastomListModifier.swift */,
				A517F1E326FB181300271E16 /* Person.swift */,
				A517F1E626FB184700271E16 /* DataManager.swift */,
				A517F1D726FB17DB00271E16 /* Assets.xcassets */,
				A517F1DC26FB17DB00271E16 /* Info.plist */,
				A517F1D926FB17DB00271E16 /* Preview Content */,
			);
			path = PersonsListSwiftUIApp;
			sourceTree = "<group>";
		};
		A517F1D926FB17DB00271E16 /* Preview Content */ = {
			isa = PBXGroup;
			children = (
				A517F1DA26FB17DB00271E16 /* Preview Assets.xcassets */,
			);
			path = "Preview Content";
			sourceTree = "<group>";
		};
/* End PBXGroup section */

/* Begin PBXNativeTarget section */
		A517F1CF26FB17DA00271E16 /* PersonsListSwiftUIApp */ = {
			isa = PBXNativeTarget;
			buildConfigurationList = A517F1DF26FB17DB00271E16 /* Build configuration list for PBXNativeTarget "PersonsListSwiftUIApp" */;
			buildPhases = (
				A517F1CC26FB17DA00271E16 /* Sources */,
				A517F1CD26FB17DA00271E16 /* Frameworks */,
				A517F1CE26FB17DA00271E16 /* Resources */,
			);
			buildRules = (
			);
			dependencies = (
			);
			name = PersonsListSwiftUIApp;
			productName = PersonsListSwiftUIApp;
			productReference = A517F1D026FB17DA00271E16 /* PersonsListSwiftUIApp.app */;
			productType = "com.apple.product-type.application";
		};
/* End PBXNativeTarget section */

/* Begin PBXProject section */
		A517F1C826FB17DA00271E16 /* Project object */ = {
			isa = PBXProject;
			attributes = {
				LastSwiftUpdateCheck = 1240;
				LastUpgradeCheck = 1240;
				TargetAttributes = {
					A517F1CF26FB17DA00271E16 = {
						CreatedOnToolsVersion = 12.4;
					};
				};
			};
			buildConfigurationList = A517F1CB26FB17DA00271E16 /* Build configuration list for PBXProject "PersonsListSwiftUIApp" */;
			compatibilityVersion = "Xcode 9.3";
			developmentRegion = en;
			hasScannedForEncodings = 0;
			knownRegions = (
				en,
				Base,
			);
			mainGroup = A517F1C726FB17DA00271E16;
			productRefGroup = A517F1D126FB17DA00271E16 /* Products */;
			projectDirPath = "";
			projectRoot = "";
			targets = (
				A517F1CF26FB17DA00271E16 /* PersonsListSwiftUIApp */,
			);
		};
/* End PBXProject section */

/* Begin PBXResourcesBuildPhase section */
		A517F1CE26FB17DA00271E16 /* Resources */ = {
			isa = PBXResourcesBuildPhase;
			buildActionMask = 2147483647;
			files = (
				A517F1DB26FB17DB00271E16 /* Preview Assets.xcassets in Resources */,
				A517F1D826FB17DB00271E16 /* Assets.xcassets in Resources */,
			);
			runOnlyForDeploymentPostprocessing = 0;
		};
/* End PBXResourcesBuildPhase section */

/* Begin PBXSourcesBuildPhase section */
		A517F1CC26FB17DA00271E16 /* Sources */ = {
			isa = PBXSourcesBuildPhase;
			buildActionMask = 2147483647;
			files = (
				A517F1EA26FB296D00271E16 /* ContactListView.swift in Sources */,
				A517F1E426FB181300271E16 /* Person.swift in Sources */,
				A517F1E726FB184700271E16 /* DataManager.swift in Sources */,
				A5A327A526FC5FD700F45DF3 /* ContactInfoView.swift in Sources */,
				A517F1F126FB6DCE00271E16 /* DetailView.swift in Sources */,
				A517F1ED26FB2A7E00271E16 /* NumbersListView.swift in Sources */,
				A5A327A826FC817700F45DF3 /* CastomListModifier.swift in Sources */,
				A517F1D626FB17DA00271E16 /* ContentView.swift in Sources */,
				A517F1D426FB17DA00271E16 /* PersonsListSwiftUIAppApp.swift in Sources */,
			);
			runOnlyForDeploymentPostprocessing = 0;
		};
/* End PBXSourcesBuildPhase section */

/* Begin XCBuildConfiguration section */
		A517F1DD26FB17DB00271E16 /* Debug */ = {
			isa = XCBuildConfiguration;
			buildSettings = {
				ALWAYS_SEARCH_USER_PATHS = NO;
				CLANG_ANALYZER_NONNULL = YES;
				CLANG_ANALYZER_NUMBER_OBJECT_CONVERSION = YES_AGGRESSIVE;
				CLANG_CXX_LANGUAGE_STANDARD = "gnu++14";
				CLANG_CXX_LIBRARY = "libc++";
				CLANG_ENABLE_MODULES = YES;
				CLANG_ENABLE_OBJC_ARC = YES;
				CLANG_ENABLE_OBJC_WEAK = YES;
				CLANG_WARN_BLOCK_CAPTURE_AUTORELEASING = YES;
				CLANG_WARN_BOOL_CONVERSION = YES;
				CLANG_WARN_COMMA = YES;
				CLANG_WARN_CONSTANT_CONVERSION = YES;
				CLANG_WARN_DEPRECATED_OBJC_IMPLEMENTATIONS = YES;
				CLANG_WARN_DIRECT_OBJC_ISA_USAGE = YES_ERROR;
				CLANG_WARN_DOCUMENTATION_COMMENTS = YES;
				CLANG_WARN_EMPTY_BODY = YES;
				CLANG_WARN_ENUM_CONVERSION = YES;
				CLANG_WARN_INFINITE_RECURSION = YES;
				CLANG_WARN_INT_CONVERSION = YES;
				CLANG_WARN_NON_LITERAL_NULL_CONVERSION = YES;
				CLANG_WARN_OBJC_IMPLICIT_RETAIN_SELF = YES;
				CLANG_WARN_OBJC_LITERAL_CONVERSION = YES;
				CLANG_WARN_OBJC_ROOT_CLASS = YES_ERROR;
				CLANG_WARN_QUOTED_INCLUDE_IN_FRAMEWORK_HEADER = YES;
				CLANG_WARN_RANGE_LOOP_ANALYSIS = YES;
				CLANG_WARN_STRICT_PROTOTYPES = YES;
				CLANG_WARN_SUSPICIOUS_MOVE = YES;
				CLANG_WARN_UNGUARDED_AVAILABILITY = YES_AGGRESSIVE;
				CLANG_WARN_UNREACHABLE_CODE = YES;
				CLANG_WARN__DUPLICATE_METHOD_MATCH = YES;
				COPY_PHASE_STRIP = NO;
				DEBUG_INFORMATION_FORMAT = dwarf;
				ENABLE_STRICT_OBJC_MSGSEND = YES;
				ENABLE_TESTABILITY = YES;
				GCC_C_LANGUAGE_STANDARD = gnu11;
				GCC_DYNAMIC_NO_PIC = NO;
				GCC_NO_COMMON_BLOCKS = YES;
				GCC_OPTIMIZATION_LEVEL = 0;
				GCC_PREPROCESSOR_DEFINITIONS = (
					"DEBUG=1",
					"$(inherited)",
				);
				GCC_WARN_64_TO_32_BIT_CONVERSION = YES;
				GCC_WARN_ABOUT_RETURN_TYPE = YES_ERROR;
				GCC_WARN_UNDECLARED_SELECTOR = YES;
				GCC_WARN_UNINITIALIZED_AUTOS = YES_AGGRESSIVE;
				GCC_WARN_UNUSED_FUNCTION = YES;
				GCC_WARN_UNUSED_VARIABLE = YES;
				IPHONEOS_DEPLOYMENT_TARGET = 14.4;
				MTL_ENABLE_DEBUG_INFO = INCLUDE_SOURCE;
				MTL_FAST_MATH = YES;
				ONLY_ACTIVE_ARCH = YES;
				SDKROOT = iphoneos;
				SWIFT_ACTIVE_COMPILATION_CONDITIONS = DEBUG;
				SWIFT_OPTIMIZATION_LEVEL = "-Onone";
			};
			name = Debug;
		};
		A517F1DE26FB17DB00271E16 /* Release */ = {
			isa = XCBuildConfiguration;
			buildSettings = {
				ALWAYS_SEARCH_USER_PATHS = NO;
				CLANG_ANALYZER_NONNULL = YES;
				CLANG_ANALYZER_NUMBER_OBJECT_CONVERSION = YES_AGGRESSIVE;
				CLANG_CXX_LANGUAGE_STANDARD = "gnu++14";
				CLANG_CXX_LIBRARY = "libc++";
				CLANG_ENABLE_MODULES = YES;
				CLANG_ENABLE_OBJC_ARC = YES;
				CLANG_ENABLE_OBJC_WEAK = YES;
				CLANG_WARN_BLOCK_CAPTURE_AUTORELEASING = YES;
				CLANG_WARN_BOOL_CONVERSION = YES;
				CLANG_WARN_COMMA = YES;
				CLANG_WARN_CONSTANT_CONVERSION = YES;
				CLANG_WARN_DEPRECATED_OBJC_IMPLEMENTATIONS = YES;
				CLANG_WARN_DIRECT_OBJC_ISA_USAGE = YES_ERROR;
				CLANG_WARN_DOCUMENTATION_COMMENTS = YES;
				CLANG_WARN_EMPTY_BODY = YES;
				CLANG_WARN_ENUM_CONVERSION = YES;
				CLANG_WARN_INFINITE_RECURSION = YES;
				CLANG_WARN_INT_CONVERSION = YES;
				CLANG_WARN_NON_LITERAL_NULL_CONVERSION = YES;
				CLANG_WARN_OBJC_IMPLICIT_RETAIN_SELF = YES;
				CLANG_WARN_OBJC_LITERAL_CONVERSION = YES;
				CLANG_WARN_OBJC_ROOT_CLASS = YES_ERROR;
				CLANG_WARN_QUOTED_INCLUDE_IN_FRAMEWORK_HEADER = YES;
				CLANG_WARN_RANGE_LOOP_ANALYSIS = YES;
				CLANG_WARN_STRICT_PROTOTYPES = YES;
				CLANG_WARN_SUSPICIOUS_MOVE = YES;
				CLANG_WARN_UNGUARDED_AVAILABILITY = YES_AGGRESSIVE;
				CLANG_WARN_UNREACHABLE_CODE = YES;
				CLANG_WARN__DUPLICATE_METHOD_MATCH = YES;
				COPY_PHASE_STRIP = NO;
				DEBUG_INFORMATION_FORMAT = "dwarf-with-dsym";
				ENABLE_NS_ASSERTIONS = NO;
				ENABLE_STRICT_OBJC_MSGSEND = YES;
				GCC_C_LANGUAGE_STANDARD = gnu11;
				GCC_NO_COMMON_BLOCKS = YES;
				GCC_WARN_64_TO_32_BIT_CONVERSION = YES;
				GCC_WARN_ABOUT_RETURN_TYPE = YES_ERROR;
				GCC_WARN_UNDECLARED_SELECTOR = YES;
				GCC_WARN_UNINITIALIZED_AUTOS = YES_AGGRESSIVE;
				GCC_WARN_UNUSED_FUNCTION = YES;
				GCC_WARN_UNUSED_VARIABLE = YES;
				IPHONEOS_DEPLOYMENT_TARGET = 14.4;
				MTL_ENABLE_DEBUG_INFO = NO;
				MTL_FAST_MATH = YES;
				SDKROOT = iphoneos;
				SWIFT_COMPILATION_MODE = wholemodule;
				SWIFT_OPTIMIZATION_LEVEL = "-O";
				VALIDATE_PRODUCT = YES;
			};
			name = Release;
		};
		A517F1E026FB17DB00271E16 /* Debug */ = {
			isa = XCBuildConfiguration;
			buildSettings = {
				ASSETCATALOG_COMPILER_APPICON_NAME = AppIcon;
				ASSETCATALOG_COMPILER_GLOBAL_ACCENT_COLOR_NAME = AccentColor;
				CODE_SIGN_STYLE = Automatic;
				DEVELOPMENT_ASSET_PATHS = "\"PersonsListSwiftUIApp/Preview Content\"";
				ENABLE_PREVIEWS = YES;
				INFOPLIST_FILE = PersonsListSwiftUIApp/Info.plist;
				IPHONEOS_DEPLOYMENT_TARGET = 14.0;
				LD_RUNPATH_SEARCH_PATHS = (
					"$(inherited)",
					"@executable_path/Frameworks",
				);
				PRODUCT_BUNDLE_IDENTIFIER = rsergey.PersonsListSwiftUIApp;
				PRODUCT_NAME = "$(TARGET_NAME)";
				SWIFT_VERSION = 5.0;
				TARGETED_DEVICE_FAMILY = "1,2";
			};
			name = Debug;
		};
		A517F1E126FB17DB00271E16 /* Release */ = {
			isa = XCBuildConfiguration;
			buildSettings = {
				ASSETCATALOG_COMPILER_APPICON_NAME = AppIcon;
				ASSETCATALOG_COMPILER_GLOBAL_ACCENT_COLOR_NAME = AccentColor;
				CODE_SIGN_STYLE = Automatic;
				DEVELOPMENT_ASSET_PATHS = "\"PersonsListSwiftUIApp/Preview Content\"";
				ENABLE_PREVIEWS = YES;
				INFOPLIST_FILE = PersonsListSwiftUIApp/Info.plist;
				IPHONEOS_DEPLOYMENT_TARGET = 14.0;
				LD_RUNPATH_SEARCH_PATHS = (
					"$(inherited)",
					"@executable_path/Frameworks",
				);
				PRODUCT_BUNDLE_IDENTIFIER = rsergey.PersonsListSwiftUIApp;
				PRODUCT_NAME = "$(TARGET_NAME)";
				SWIFT_VERSION = 5.0;
				TARGETED_DEVICE_FAMILY = "1,2";
			};
			name = Release;
		};
/* End XCBuildConfiguration section */

/* Begin XCConfigurationList section */
		A517F1CB26FB17DA00271E16 /* Build configuration list for PBXProject "PersonsListSwiftUIApp" */ = {
			isa = XCConfigurationList;
			buildConfigurations = (
				A517F1DD26FB17DB00271E16 /* Debug */,
				A517F1DE26FB17DB00271E16 /* Release */,
			);
			defaultConfigurationIsVisible = 0;
			defaultConfigurationName = Release;
		};
		A517F1DF26FB17DB00271E16 /* Build configuration list for PBXNativeTarget "PersonsListSwiftUIApp" */ = {
			isa = XCConfigurationList;
			buildConfigurations = (
				A517F1E026FB17DB00271E16 /* Debug */,
				A517F1E126FB17DB00271E16 /* Release */,
			);
			defaultConfigurationIsVisible = 0;
			defaultConfigurationName = Release;
		};
/* End XCConfigurationList section */
	};
	rootObject = A517F1C826FB17DA00271E16 /* Project object */;
}
